// !$*UTF8*$!
{
	archiveVersion = 1;
	classes = {
	};
	objectVersion = 55;
	objects = {

/* Begin PBXBuildFile section */
		D042311028F59F2600FF1D89 /* FLAnimatedImage in Frameworks */ = {isa = PBXBuildFile; productRef = D042310F28F59F2600FF1D89 /* FLAnimatedImage */; };
		D042311528F59F7100FF1D89 /* NetworkManager.swift in Sources */ = {isa = PBXBuildFile; fileRef = D042311428F59F7100FF1D89 /* NetworkManager.swift */; };
		D042311728F5A36300FF1D89 /* GifView.swift in Sources */ = {isa = PBXBuildFile; fileRef = D042311628F5A36300FF1D89 /* GifView.swift */; };
		D06ED4A228FDCEC80074322D /* BackgroundRoundedViewModifier.swift in Sources */ = {isa = PBXBuildFile; fileRef = D06ED4A128FDCEC80074322D /* BackgroundRoundedViewModifier.swift */; };
		D06ED4A428FDCEF20074322D /* RoundedViewModifier.swift in Sources */ = {isa = PBXBuildFile; fileRef = D06ED4A328FDCEF20074322D /* RoundedViewModifier.swift */; };
		D06ED4A628FDCF1C0074322D /* CustomNavigationBar.swift in Sources */ = {isa = PBXBuildFile; fileRef = D06ED4A528FDCF1C0074322D /* CustomNavigationBar.swift */; };
		D06ED4A928FDCFB20074322D /* DayOfWeek.swift in Sources */ = {isa = PBXBuildFile; fileRef = D06ED4A828FDCFB20074322D /* DayOfWeek.swift */; };
		D06ED4AB28FDD2C10074322D /* ExerciseForDB+Extension.swift in Sources */ = {isa = PBXBuildFile; fileRef = D06ED4AA28FDD2C10074322D /* ExerciseForDB+Extension.swift */; };
		D06ED4AE28FE94100074322D /* SwiftUICharts in Frameworks */ = {isa = PBXBuildFile; productRef = D06ED4AD28FE94100074322D /* SwiftUICharts */; };
		D06ED4B128FEAD900074322D /* Lottie in Frameworks */ = {isa = PBXBuildFile; productRef = D06ED4B028FEAD900074322D /* Lottie */; };
		D06ED4B328FEAFFA0074322D /* stepsAnim.json in Resources */ = {isa = PBXBuildFile; fileRef = D06ED4B228FEAFFA0074322D /* stepsAnim.json */; };
		D06ED4B728FEB17A0074322D /* Date+Extension.swift in Sources */ = {isa = PBXBuildFile; fileRef = D06ED4B628FEB17A0074322D /* Date+Extension.swift */; };
		D09DC07328F85A78007DDACC /* ChooseDayOfActivityView.swift in Sources */ = {isa = PBXBuildFile; fileRef = D09DC07228F85A78007DDACC /* ChooseDayOfActivityView.swift */; };
		D09DC07528F88D75007DDACC /* ConfirmActivityProgram.swift in Sources */ = {isa = PBXBuildFile; fileRef = D09DC07428F88D75007DDACC /* ConfirmActivityProgram.swift */; };
		D09DC07728F9CF21007DDACC /* MainScreenViewModel.swift in Sources */ = {isa = PBXBuildFile; fileRef = D09DC07628F9CF21007DDACC /* MainScreenViewModel.swift */; };
		D09DC07928F9D149007DDACC /* AddNewActivityPageView.swift in Sources */ = {isa = PBXBuildFile; fileRef = D09DC07828F9D149007DDACC /* AddNewActivityPageView.swift */; };
		D09DC07C28F9D83D007DDACC /* View+Extension.swift in Sources */ = {isa = PBXBuildFile; fileRef = D09DC07B28F9D83D007DDACC /* View+Extension.swift */; };
		D09DC07E28F9D854007DDACC /* PageView.swift in Sources */ = {isa = PBXBuildFile; fileRef = D09DC07D28F9D854007DDACC /* PageView.swift */; };
		D09DC08028F9D9B9007DDACC /* RealMManager.swift in Sources */ = {isa = PBXBuildFile; fileRef = D09DC07F28F9D9B9007DDACC /* RealMManager.swift */; };
		D09DC08328F9D9D5007DDACC /* RealMManagerImpl.swift in Sources */ = {isa = PBXBuildFile; fileRef = D09DC08228F9D9D5007DDACC /* RealMManagerImpl.swift */; };
		D09DC09828F9E8C0007DDACC /* Realm in Frameworks */ = {isa = PBXBuildFile; productRef = D09DC09728F9E8C0007DDACC /* Realm */; };
		D09DC09A28F9E8C0007DDACC /* RealmSwift in Frameworks */ = {isa = PBXBuildFile; productRef = D09DC09928F9E8C0007DDACC /* RealmSwift */; };
		D09DC09E28FAF854007DDACC /* ExercisesProgram.swift in Sources */ = {isa = PBXBuildFile; fileRef = D09DC09D28FAF854007DDACC /* ExercisesProgram.swift */; };
		D09DC0A028FAF87D007DDACC /* ExerciseForDB.swift in Sources */ = {isa = PBXBuildFile; fileRef = D09DC09F28FAF87D007DDACC /* ExerciseForDB.swift */; };
		D09DC0A228FAF8E0007DDACC /* Array+Extension.swift in Sources */ = {isa = PBXBuildFile; fileRef = D09DC0A128FAF8E0007DDACC /* Array+Extension.swift */; };
		D09DC0A428FAF9AC007DDACC /* Exercise+Extension.swift in Sources */ = {isa = PBXBuildFile; fileRef = D09DC0A328FAF9AC007DDACC /* Exercise+Extension.swift */; };
		D09DC0A828FBFB1D007DDACC /* HealthKit.framework in Frameworks */ = {isa = PBXBuildFile; fileRef = D09DC0A728FBFB1D007DDACC /* HealthKit.framework */; };
		D09DC0AA28FBFBC4007DDACC /* HealthKitAssistantImpl.swift in Sources */ = {isa = PBXBuildFile; fileRef = D09DC0A928FBFBC4007DDACC /* HealthKitAssistantImpl.swift */; };
		D09DC0AD28FBFF4E007DDACC /* StepsView.swift in Sources */ = {isa = PBXBuildFile; fileRef = D09DC0AC28FBFF4E007DDACC /* StepsView.swift */; };
		D09DC0AF28FBFF76007DDACC /* HealthKitAssistant.swift in Sources */ = {isa = PBXBuildFile; fileRef = D09DC0AE28FBFF76007DDACC /* HealthKitAssistant.swift */; };
		D0B78B4028F05DC1006F07A1 /* SportDiaryApp.swift in Sources */ = {isa = PBXBuildFile; fileRef = D0B78B3F28F05DC1006F07A1 /* SportDiaryApp.swift */; };
		D0B78B4428F05DC2006F07A1 /* Assets.xcassets in Resources */ = {isa = PBXBuildFile; fileRef = D0B78B4328F05DC2006F07A1 /* Assets.xcassets */; };
		D0B78B4728F05DC2006F07A1 /* Preview Assets.xcassets in Resources */ = {isa = PBXBuildFile; fileRef = D0B78B4628F05DC2006F07A1 /* Preview Assets.xcassets */; };
		D0B78B4E28F05DF9006F07A1 /* NetworkManagerImpl.swift in Sources */ = {isa = PBXBuildFile; fileRef = D0B78B4D28F05DF9006F07A1 /* NetworkManagerImpl.swift */; };
		D0B78B5328F07B4D006F07A1 /* ExerciseView.swift in Sources */ = {isa = PBXBuildFile; fileRef = D0B78B5228F07B4D006F07A1 /* ExerciseView.swift */; };
		D0B78B5928F3FC4B006F07A1 /* MainScreen.swift in Sources */ = {isa = PBXBuildFile; fileRef = D0B78B5828F3FC4B006F07A1 /* MainScreen.swift */; };
		D0B78B5F28F40099006F07A1 /* ActivityListView.swift in Sources */ = {isa = PBXBuildFile; fileRef = D0B78B5E28F40099006F07A1 /* ActivityListView.swift */; };
		D0B78B6128F401D3006F07A1 /* ActivityListViewModel.swift in Sources */ = {isa = PBXBuildFile; fileRef = D0B78B6028F401D3006F07A1 /* ActivityListViewModel.swift */; };
		D0B78B6428F40469006F07A1 /* ActivityListRowView.swift in Sources */ = {isa = PBXBuildFile; fileRef = D0B78B6328F40469006F07A1 /* ActivityListRowView.swift */; };
		D0B78B6628F4049E006F07A1 /* ActivityListRow.swift in Sources */ = {isa = PBXBuildFile; fileRef = D0B78B6528F4049E006F07A1 /* ActivityListRow.swift */; };
		D0B78B6C28F40816006F07A1 /* ChooseSetOfExercisesView.swift in Sources */ = {isa = PBXBuildFile; fileRef = D0B78B6B28F40816006F07A1 /* ChooseSetOfExercisesView.swift */; };
		D0B78B6E28F40950006F07A1 /* AddNewActivityDaySelectionSection.swift in Sources */ = {isa = PBXBuildFile; fileRef = D0B78B6D28F40950006F07A1 /* AddNewActivityDaySelectionSection.swift */; };
		D0B78B7028F41551006F07A1 /* AddNewActivityViewModel.swift in Sources */ = {isa = PBXBuildFile; fileRef = D0B78B6F28F41551006F07A1 /* AddNewActivityViewModel.swift */; };
		D0B78B7428F421B3006F07A1 /* Exercise.swift in Sources */ = {isa = PBXBuildFile; fileRef = D0B78B7328F421B3006F07A1 /* Exercise.swift */; };
		D0B78B8628F58D90006F07A1 /* Swinject in Frameworks */ = {isa = PBXBuildFile; productRef = D0B78B8528F58D90006F07A1 /* Swinject */; };
		D0B78B8928F58DDC006F07A1 /* Resolver.swift in Sources */ = {isa = PBXBuildFile; fileRef = D0B78B8828F58DDC006F07A1 /* Resolver.swift */; };
		D0B78B8B28F58E23006F07A1 /* DependencyContainer.swift in Sources */ = {isa = PBXBuildFile; fileRef = D0B78B8A28F58E23006F07A1 /* DependencyContainer.swift */; };
		D0B78B8D28F58EE8006F07A1 /* InjectPropertyWrapper.swift in Sources */ = {isa = PBXBuildFile; fileRef = D0B78B8C28F58EE8006F07A1 /* InjectPropertyWrapper.swift */; };
		D0C392B528FEFD21002D1967 /* UserHealthViewNew.swift in Sources */ = {isa = PBXBuildFile; fileRef = D0C392B428FEFD21002D1967 /* UserHealthViewNew.swift */; };
		D0C392B729013BC5002D1967 /* TargetView.swift in Sources */ = {isa = PBXBuildFile; fileRef = D0C392B629013BC5002D1967 /* TargetView.swift */; };
		D0FB1BDA28FEEACE0007ABC9 /* LottieView.swift in Sources */ = {isa = PBXBuildFile; fileRef = D0FB1BD928FEEACE0007ABC9 /* LottieView.swift */; };
		D0FB1BDC28FEEB0A0007ABC9 /* UserHealthViewModel.swift in Sources */ = {isa = PBXBuildFile; fileRef = D0FB1BDB28FEEB0A0007ABC9 /* UserHealthViewModel.swift */; };
		D0FB1BDE28FEED8B0007ABC9 /* Step.swift in Sources */ = {isa = PBXBuildFile; fileRef = D0FB1BDD28FEED8B0007ABC9 /* Step.swift */; };
/* End PBXBuildFile section */

/* Begin PBXFileReference section */
		D042311428F59F7100FF1D89 /* NetworkManager.swift */ = {isa = PBXFileReference; lastKnownFileType = sourcecode.swift; path = NetworkManager.swift; sourceTree = "<group>"; };
		D042311628F5A36300FF1D89 /* GifView.swift */ = {isa = PBXFileReference; lastKnownFileType = sourcecode.swift; path = GifView.swift; sourceTree = "<group>"; };
		D06ED4A128FDCEC80074322D /* BackgroundRoundedViewModifier.swift */ = {isa = PBXFileReference; lastKnownFileType = sourcecode.swift; path = BackgroundRoundedViewModifier.swift; sourceTree = "<group>"; };
		D06ED4A328FDCEF20074322D /* RoundedViewModifier.swift */ = {isa = PBXFileReference; lastKnownFileType = sourcecode.swift; path = RoundedViewModifier.swift; sourceTree = "<group>"; };
		D06ED4A528FDCF1C0074322D /* CustomNavigationBar.swift */ = {isa = PBXFileReference; lastKnownFileType = sourcecode.swift; path = CustomNavigationBar.swift; sourceTree = "<group>"; };
		D06ED4A828FDCFB20074322D /* DayOfWeek.swift */ = {isa = PBXFileReference; lastKnownFileType = sourcecode.swift; path = DayOfWeek.swift; sourceTree = "<group>"; };
		D06ED4AA28FDD2C10074322D /* ExerciseForDB+Extension.swift */ = {isa = PBXFileReference; lastKnownFileType = sourcecode.swift; path = "ExerciseForDB+Extension.swift"; sourceTree = "<group>"; };
		D06ED4B228FEAFFA0074322D /* stepsAnim.json */ = {isa = PBXFileReference; fileEncoding = 4; lastKnownFileType = text.json; path = stepsAnim.json; sourceTree = "<group>"; };
		D06ED4B628FEB17A0074322D /* Date+Extension.swift */ = {isa = PBXFileReference; lastKnownFileType = sourcecode.swift; path = "Date+Extension.swift"; sourceTree = "<group>"; };
		D09DC07228F85A78007DDACC /* ChooseDayOfActivityView.swift */ = {isa = PBXFileReference; lastKnownFileType = sourcecode.swift; path = ChooseDayOfActivityView.swift; sourceTree = "<group>"; };
		D09DC07428F88D75007DDACC /* ConfirmActivityProgram.swift */ = {isa = PBXFileReference; lastKnownFileType = sourcecode.swift; path = ConfirmActivityProgram.swift; sourceTree = "<group>"; };
		D09DC07628F9CF21007DDACC /* MainScreenViewModel.swift */ = {isa = PBXFileReference; lastKnownFileType = sourcecode.swift; path = MainScreenViewModel.swift; sourceTree = "<group>"; };
		D09DC07828F9D149007DDACC /* AddNewActivityPageView.swift */ = {isa = PBXFileReference; lastKnownFileType = sourcecode.swift; path = AddNewActivityPageView.swift; sourceTree = "<group>"; };
		D09DC07B28F9D83D007DDACC /* View+Extension.swift */ = {isa = PBXFileReference; lastKnownFileType = sourcecode.swift; path = "View+Extension.swift"; sourceTree = "<group>"; };
		D09DC07D28F9D854007DDACC /* PageView.swift */ = {isa = PBXFileReference; lastKnownFileType = sourcecode.swift; path = PageView.swift; sourceTree = "<group>"; };
		D09DC07F28F9D9B9007DDACC /* RealMManager.swift */ = {isa = PBXFileReference; lastKnownFileType = sourcecode.swift; path = RealMManager.swift; sourceTree = "<group>"; };
		D09DC08228F9D9D5007DDACC /* RealMManagerImpl.swift */ = {isa = PBXFileReference; lastKnownFileType = sourcecode.swift; path = RealMManagerImpl.swift; sourceTree = "<group>"; };
		D09DC09D28FAF854007DDACC /* ExercisesProgram.swift */ = {isa = PBXFileReference; lastKnownFileType = sourcecode.swift; path = ExercisesProgram.swift; sourceTree = "<group>"; };
		D09DC09F28FAF87D007DDACC /* ExerciseForDB.swift */ = {isa = PBXFileReference; lastKnownFileType = sourcecode.swift; path = ExerciseForDB.swift; sourceTree = "<group>"; };
		D09DC0A128FAF8E0007DDACC /* Array+Extension.swift */ = {isa = PBXFileReference; lastKnownFileType = sourcecode.swift; path = "Array+Extension.swift"; sourceTree = "<group>"; };
		D09DC0A328FAF9AC007DDACC /* Exercise+Extension.swift */ = {isa = PBXFileReference; lastKnownFileType = sourcecode.swift; path = "Exercise+Extension.swift"; sourceTree = "<group>"; };
		D09DC0A528FBFB1D007DDACC /* SportDiary.entitlements */ = {isa = PBXFileReference; lastKnownFileType = text.plist.entitlements; path = SportDiary.entitlements; sourceTree = "<group>"; };
		D09DC0A728FBFB1D007DDACC /* HealthKit.framework */ = {isa = PBXFileReference; lastKnownFileType = wrapper.framework; name = HealthKit.framework; path = System/Library/Frameworks/HealthKit.framework; sourceTree = SDKROOT; };
		D09DC0A928FBFBC4007DDACC /* HealthKitAssistantImpl.swift */ = {isa = PBXFileReference; lastKnownFileType = sourcecode.swift; path = HealthKitAssistantImpl.swift; sourceTree = "<group>"; };
		D09DC0AC28FBFF4E007DDACC /* StepsView.swift */ = {isa = PBXFileReference; lastKnownFileType = sourcecode.swift; path = StepsView.swift; sourceTree = "<group>"; };
		D09DC0AE28FBFF76007DDACC /* HealthKitAssistant.swift */ = {isa = PBXFileReference; lastKnownFileType = sourcecode.swift; path = HealthKitAssistant.swift; sourceTree = "<group>"; };
		D0B78B3C28F05DC1006F07A1 /* SportDiary.app */ = {isa = PBXFileReference; explicitFileType = wrapper.application; includeInIndex = 0; path = SportDiary.app; sourceTree = BUILT_PRODUCTS_DIR; };
		D0B78B3F28F05DC1006F07A1 /* SportDiaryApp.swift */ = {isa = PBXFileReference; lastKnownFileType = sourcecode.swift; path = SportDiaryApp.swift; sourceTree = "<group>"; };
		D0B78B4328F05DC2006F07A1 /* Assets.xcassets */ = {isa = PBXFileReference; lastKnownFileType = folder.assetcatalog; path = Assets.xcassets; sourceTree = "<group>"; };
		D0B78B4628F05DC2006F07A1 /* Preview Assets.xcassets */ = {isa = PBXFileReference; lastKnownFileType = folder.assetcatalog; path = "Preview Assets.xcassets"; sourceTree = "<group>"; };
		D0B78B4D28F05DF9006F07A1 /* NetworkManagerImpl.swift */ = {isa = PBXFileReference; lastKnownFileType = sourcecode.swift; path = NetworkManagerImpl.swift; sourceTree = "<group>"; };
		D0B78B5128F06896006F07A1 /* Info.plist */ = {isa = PBXFileReference; lastKnownFileType = text.plist; path = Info.plist; sourceTree = "<group>"; };
		D0B78B5228F07B4D006F07A1 /* ExerciseView.swift */ = {isa = PBXFileReference; lastKnownFileType = sourcecode.swift; path = ExerciseView.swift; sourceTree = "<group>"; };
		D0B78B5828F3FC4B006F07A1 /* MainScreen.swift */ = {isa = PBXFileReference; lastKnownFileType = sourcecode.swift; path = MainScreen.swift; sourceTree = "<group>"; };
		D0B78B5E28F40099006F07A1 /* ActivityListView.swift */ = {isa = PBXFileReference; lastKnownFileType = sourcecode.swift; path = ActivityListView.swift; sourceTree = "<group>"; };
		D0B78B6028F401D3006F07A1 /* ActivityListViewModel.swift */ = {isa = PBXFileReference; lastKnownFileType = sourcecode.swift; path = ActivityListViewModel.swift; sourceTree = "<group>"; };
		D0B78B6328F40469006F07A1 /* ActivityListRowView.swift */ = {isa = PBXFileReference; lastKnownFileType = sourcecode.swift; path = ActivityListRowView.swift; sourceTree = "<group>"; };
		D0B78B6528F4049E006F07A1 /* ActivityListRow.swift */ = {isa = PBXFileReference; lastKnownFileType = sourcecode.swift; path = ActivityListRow.swift; sourceTree = "<group>"; };
		D0B78B6B28F40816006F07A1 /* ChooseSetOfExercisesView.swift */ = {isa = PBXFileReference; lastKnownFileType = sourcecode.swift; path = ChooseSetOfExercisesView.swift; sourceTree = "<group>"; };
		D0B78B6D28F40950006F07A1 /* AddNewActivityDaySelectionSection.swift */ = {isa = PBXFileReference; lastKnownFileType = sourcecode.swift; path = AddNewActivityDaySelectionSection.swift; sourceTree = "<group>"; };
		D0B78B6F28F41551006F07A1 /* AddNewActivityViewModel.swift */ = {isa = PBXFileReference; lastKnownFileType = sourcecode.swift; path = AddNewActivityViewModel.swift; sourceTree = "<group>"; };
		D0B78B7328F421B3006F07A1 /* Exercise.swift */ = {isa = PBXFileReference; lastKnownFileType = sourcecode.swift; path = Exercise.swift; sourceTree = "<group>"; };
		D0B78B8828F58DDC006F07A1 /* Resolver.swift */ = {isa = PBXFileReference; lastKnownFileType = sourcecode.swift; path = Resolver.swift; sourceTree = "<group>"; };
		D0B78B8A28F58E23006F07A1 /* DependencyContainer.swift */ = {isa = PBXFileReference; lastKnownFileType = sourcecode.swift; path = DependencyContainer.swift; sourceTree = "<group>"; };
		D0B78B8C28F58EE8006F07A1 /* InjectPropertyWrapper.swift */ = {isa = PBXFileReference; lastKnownFileType = sourcecode.swift; path = InjectPropertyWrapper.swift; sourceTree = "<group>"; };
		D0C392B428FEFD21002D1967 /* UserHealthViewNew.swift */ = {isa = PBXFileReference; lastKnownFileType = sourcecode.swift; path = UserHealthViewNew.swift; sourceTree = "<group>"; };
		D0C392B629013BC5002D1967 /* TargetView.swift */ = {isa = PBXFileReference; lastKnownFileType = sourcecode.swift; path = TargetView.swift; sourceTree = "<group>"; };
		D0FB1BD928FEEACE0007ABC9 /* LottieView.swift */ = {isa = PBXFileReference; lastKnownFileType = sourcecode.swift; path = LottieView.swift; sourceTree = "<group>"; };
		D0FB1BDB28FEEB0A0007ABC9 /* UserHealthViewModel.swift */ = {isa = PBXFileReference; lastKnownFileType = sourcecode.swift; path = UserHealthViewModel.swift; sourceTree = "<group>"; };
		D0FB1BDD28FEED8B0007ABC9 /* Step.swift */ = {isa = PBXFileReference; lastKnownFileType = sourcecode.swift; path = Step.swift; sourceTree = "<group>"; };
/* End PBXFileReference section */

/* Begin PBXFrameworksBuildPhase section */
		D0B78B3928F05DC1006F07A1 /* Frameworks */ = {
			isa = PBXFrameworksBuildPhase;
			buildActionMask = 2147483647;
			files = (
				D09DC09A28F9E8C0007DDACC /* RealmSwift in Frameworks */,
				D06ED4B128FEAD900074322D /* Lottie in Frameworks */,
				D09DC09828F9E8C0007DDACC /* Realm in Frameworks */,
				D0B78B8628F58D90006F07A1 /* Swinject in Frameworks */,
				D06ED4AE28FE94100074322D /* SwiftUICharts in Frameworks */,
				D042311028F59F2600FF1D89 /* FLAnimatedImage in Frameworks */,
				D09DC0A828FBFB1D007DDACC /* HealthKit.framework in Frameworks */,
			);
			runOnlyForDeploymentPostprocessing = 0;
		};
/* End PBXFrameworksBuildPhase section */

/* Begin PBXGroup section */
		D042311128F59F4700FF1D89 /* DI */ = {
			isa = PBXGroup;
			children = (
				D0B78B8828F58DDC006F07A1 /* Resolver.swift */,
				D0B78B8A28F58E23006F07A1 /* DependencyContainer.swift */,
				D0B78B8C28F58EE8006F07A1 /* InjectPropertyWrapper.swift */,
			);
			path = DI;
			sourceTree = "<group>";
		};
		D042311228F59F5000FF1D89 /* Networking */ = {
			isa = PBXGroup;
			children = (
				D0B78B4D28F05DF9006F07A1 /* NetworkManagerImpl.swift */,
			);
			path = Networking;
			sourceTree = "<group>";
		};
		D042311328F59F5C00FF1D89 /* Protocols */ = {
			isa = PBXGroup;
			children = (
				D042311428F59F7100FF1D89 /* NetworkManager.swift */,
				D09DC07F28F9D9B9007DDACC /* RealMManager.swift */,
				D09DC0AE28FBFF76007DDACC /* HealthKitAssistant.swift */,
			);
			path = Protocols;
			sourceTree = "<group>";
		};
		D06ED4A028FDCEAA0074322D /* ViewModifiers */ = {
			isa = PBXGroup;
			children = (
				D06ED4A128FDCEC80074322D /* BackgroundRoundedViewModifier.swift */,
				D06ED4A328FDCEF20074322D /* RoundedViewModifier.swift */,
			);
			path = ViewModifiers;
			sourceTree = "<group>";
		};
		D06ED4A728FDCFA70074322D /* Enums */ = {
			isa = PBXGroup;
			children = (
				D06ED4A828FDCFB20074322D /* DayOfWeek.swift */,
			);
			path = Enums;
			sourceTree = "<group>";
		};
		D09DC07A28F9D825007DDACC /* Extensions */ = {
			isa = PBXGroup;
			children = (
				D09DC07B28F9D83D007DDACC /* View+Extension.swift */,
				D09DC0A128FAF8E0007DDACC /* Array+Extension.swift */,
				D09DC0A328FAF9AC007DDACC /* Exercise+Extension.swift */,
				D06ED4AA28FDD2C10074322D /* ExerciseForDB+Extension.swift */,
				D06ED4B628FEB17A0074322D /* Date+Extension.swift */,
			);
			path = Extensions;
			sourceTree = "<group>";
		};
		D09DC08128F9D9C0007DDACC /* DB */ = {
			isa = PBXGroup;
			children = (
				D09DC08228F9D9D5007DDACC /* RealMManagerImpl.swift */,
			);
			path = DB;
			sourceTree = "<group>";
		};
		D09DC0A628FBFB1D007DDACC /* Frameworks */ = {
			isa = PBXGroup;
			children = (
				D09DC0A728FBFB1D007DDACC /* HealthKit.framework */,
			);
			name = Frameworks;
			sourceTree = "<group>";
		};
		D09DC0AB28FBFF20007DDACC /* UserHealth */ = {
			isa = PBXGroup;
			children = (
				D0FB1BD828FEEA5E0007ABC9 /* View */,
				D0FB1BD728FEEA4C0007ABC9 /* ViewModel */,
				D0FB1BD628FEEA3F0007ABC9 /* Model */,
			);
			path = UserHealth;
			sourceTree = "<group>";
		};
		D0B78B3328F05DC1006F07A1 = {
			isa = PBXGroup;
			children = (
				D0B78B3E28F05DC1006F07A1 /* SportDiary */,
				D0B78B3D28F05DC1006F07A1 /* Products */,
				D09DC0A628FBFB1D007DDACC /* Frameworks */,
			);
			sourceTree = "<group>";
		};
		D0B78B3D28F05DC1006F07A1 /* Products */ = {
			isa = PBXGroup;
			children = (
				D0B78B3C28F05DC1006F07A1 /* SportDiary.app */,
			);
			name = Products;
			sourceTree = "<group>";
		};
		D0B78B3E28F05DC1006F07A1 /* SportDiary */ = {
			isa = PBXGroup;
			children = (
				D09DC0A528FBFB1D007DDACC /* SportDiary.entitlements */,
				D0B78B5128F06896006F07A1 /* Info.plist */,
				D0B78B3F28F05DC1006F07A1 /* SportDiaryApp.swift */,
				D06ED4A728FDCFA70074322D /* Enums */,
				D042311328F59F5C00FF1D89 /* Protocols */,
				D0B78B8728F58DB3006F07A1 /* HelpingUtils */,
				D0B78B6228F40442006F07A1 /* UIComponents */,
				D0B78B5428F3FC18006F07A1 /* Main */,
				D0B78B5A28F40053006F07A1 /* ActivityList */,
				D09DC0AB28FBFF20007DDACC /* UserHealth */,
				D0B78B6728F407D2006F07A1 /* AddNewActivity */,
				D0B78B4328F05DC2006F07A1 /* Assets.xcassets */,
				D06ED4B228FEAFFA0074322D /* stepsAnim.json */,
				D0B78B4528F05DC2006F07A1 /* Preview Content */,
			);
			path = SportDiary;
			sourceTree = "<group>";
		};
		D0B78B4528F05DC2006F07A1 /* Preview Content */ = {
			isa = PBXGroup;
			children = (
				D0B78B4628F05DC2006F07A1 /* Preview Assets.xcassets */,
			);
			path = "Preview Content";
			sourceTree = "<group>";
		};
		D0B78B5428F3FC18006F07A1 /* Main */ = {
			isa = PBXGroup;
			children = (
				D0B78B5728F3FC37006F07A1 /* View */,
				D0B78B5628F3FC30006F07A1 /* ViewModel */,
				D0B78B5528F3FC29006F07A1 /* Model */,
			);
			path = Main;
			sourceTree = "<group>";
		};
		D0B78B5528F3FC29006F07A1 /* Model */ = {
			isa = PBXGroup;
			children = (
			);
			path = Model;
			sourceTree = "<group>";
		};
		D0B78B5628F3FC30006F07A1 /* ViewModel */ = {
			isa = PBXGroup;
			children = (
				D09DC07628F9CF21007DDACC /* MainScreenViewModel.swift */,
			);
			path = ViewModel;
			sourceTree = "<group>";
		};
		D0B78B5728F3FC37006F07A1 /* View */ = {
			isa = PBXGroup;
			children = (
				D0B78B5828F3FC4B006F07A1 /* MainScreen.swift */,
			);
			path = View;
			sourceTree = "<group>";
		};
		D0B78B5A28F40053006F07A1 /* ActivityList */ = {
			isa = PBXGroup;
			children = (
				D0B78B5D28F4007F006F07A1 /* View */,
				D0B78B5C28F40077006F07A1 /* ViewModel */,
				D0B78B5B28F4006D006F07A1 /* Model */,
			);
			path = ActivityList;
			sourceTree = "<group>";
		};
		D0B78B5B28F4006D006F07A1 /* Model */ = {
			isa = PBXGroup;
			children = (
				D0B78B6528F4049E006F07A1 /* ActivityListRow.swift */,
				D09DC09D28FAF854007DDACC /* ExercisesProgram.swift */,
				D09DC09F28FAF87D007DDACC /* ExerciseForDB.swift */,
			);
			path = Model;
			sourceTree = "<group>";
		};
		D0B78B5C28F40077006F07A1 /* ViewModel */ = {
			isa = PBXGroup;
			children = (
				D0B78B6028F401D3006F07A1 /* ActivityListViewModel.swift */,
			);
			path = ViewModel;
			sourceTree = "<group>";
		};
		D0B78B5D28F4007F006F07A1 /* View */ = {
			isa = PBXGroup;
			children = (
				D0B78B5E28F40099006F07A1 /* ActivityListView.swift */,
			);
			path = View;
			sourceTree = "<group>";
		};
		D0B78B6228F40442006F07A1 /* UIComponents */ = {
			isa = PBXGroup;
			children = (
				D06ED4A028FDCEAA0074322D /* ViewModifiers */,
				D0B78B6328F40469006F07A1 /* ActivityListRowView.swift */,
				D0B78B6D28F40950006F07A1 /* AddNewActivityDaySelectionSection.swift */,
				D0B78B5228F07B4D006F07A1 /* ExerciseView.swift */,
				D0FB1BD928FEEACE0007ABC9 /* LottieView.swift */,
				D06ED4A528FDCF1C0074322D /* CustomNavigationBar.swift */,
				D042311628F5A36300FF1D89 /* GifView.swift */,
				D09DC07D28F9D854007DDACC /* PageView.swift */,
			);
			path = UIComponents;
			sourceTree = "<group>";
		};
		D0B78B6728F407D2006F07A1 /* AddNewActivity */ = {
			isa = PBXGroup;
			children = (
				D0B78B6A28F40804006F07A1 /* View */,
				D0B78B6928F407F6006F07A1 /* ViewModel */,
				D0B78B6828F407EE006F07A1 /* Model */,
			);
			path = AddNewActivity;
			sourceTree = "<group>";
		};
		D0B78B6828F407EE006F07A1 /* Model */ = {
			isa = PBXGroup;
			children = (
				D0B78B7328F421B3006F07A1 /* Exercise.swift */,
			);
			path = Model;
			sourceTree = "<group>";
		};
		D0B78B6928F407F6006F07A1 /* ViewModel */ = {
			isa = PBXGroup;
			children = (
				D0B78B6F28F41551006F07A1 /* AddNewActivityViewModel.swift */,
			);
			path = ViewModel;
			sourceTree = "<group>";
		};
		D0B78B6A28F40804006F07A1 /* View */ = {
			isa = PBXGroup;
			children = (
				D0B78B6B28F40816006F07A1 /* ChooseSetOfExercisesView.swift */,
				D09DC07228F85A78007DDACC /* ChooseDayOfActivityView.swift */,
				D09DC07428F88D75007DDACC /* ConfirmActivityProgram.swift */,
				D09DC07828F9D149007DDACC /* AddNewActivityPageView.swift */,
				D0C392B629013BC5002D1967 /* TargetView.swift */,
			);
			path = View;
			sourceTree = "<group>";
		};
		D0B78B8728F58DB3006F07A1 /* HelpingUtils */ = {
			isa = PBXGroup;
			children = (
				D09DC0A928FBFBC4007DDACC /* HealthKitAssistantImpl.swift */,
				D09DC08128F9D9C0007DDACC /* DB */,
				D09DC07A28F9D825007DDACC /* Extensions */,
				D042311228F59F5000FF1D89 /* Networking */,
				D042311128F59F4700FF1D89 /* DI */,
			);
			path = HelpingUtils;
			sourceTree = "<group>";
		};
		D0FB1BD628FEEA3F0007ABC9 /* Model */ = {
			isa = PBXGroup;
			children = (
				D0FB1BDD28FEED8B0007ABC9 /* Step.swift */,
			);
			path = Model;
			sourceTree = "<group>";
		};
		D0FB1BD728FEEA4C0007ABC9 /* ViewModel */ = {
			isa = PBXGroup;
			children = (
				D0FB1BDB28FEEB0A0007ABC9 /* UserHealthViewModel.swift */,
			);
			path = ViewModel;
			sourceTree = "<group>";
		};
		D0FB1BD828FEEA5E0007ABC9 /* View */ = {
			isa = PBXGroup;
			children = (
				D09DC0AC28FBFF4E007DDACC /* StepsView.swift */,
				D0C392B428FEFD21002D1967 /* UserHealthViewNew.swift */,
			);
			path = View;
			sourceTree = "<group>";
		};
/* End PBXGroup section */

/* Begin PBXNativeTarget section */
		D0B78B3B28F05DC1006F07A1 /* SportDiary */ = {
			isa = PBXNativeTarget;
			buildConfigurationList = D0B78B4A28F05DC2006F07A1 /* Build configuration list for PBXNativeTarget "SportDiary" */;
			buildPhases = (
				D0B78B3828F05DC1006F07A1 /* Sources */,
				D0B78B3928F05DC1006F07A1 /* Frameworks */,
				D0B78B3A28F05DC1006F07A1 /* Resources */,
			);
			buildRules = (
			);
			dependencies = (
			);
			name = SportDiary;
			packageProductDependencies = (
				D0B78B8528F58D90006F07A1 /* Swinject */,
				D042310F28F59F2600FF1D89 /* FLAnimatedImage */,
				D09DC09728F9E8C0007DDACC /* Realm */,
				D09DC09928F9E8C0007DDACC /* RealmSwift */,
				D06ED4AD28FE94100074322D /* SwiftUICharts */,
				D06ED4B028FEAD900074322D /* Lottie */,
			);
			productName = SportDiary;
			productReference = D0B78B3C28F05DC1006F07A1 /* SportDiary.app */;
			productType = "com.apple.product-type.application";
		};
/* End PBXNativeTarget section */

/* Begin PBXProject section */
		D0B78B3428F05DC1006F07A1 /* Project object */ = {
			isa = PBXProject;
			attributes = {
				BuildIndependentTargetsInParallel = 1;
				LastSwiftUpdateCheck = 1340;
				LastUpgradeCheck = 1340;
				TargetAttributes = {
					D0B78B3B28F05DC1006F07A1 = {
						CreatedOnToolsVersion = 13.4.1;
					};
				};
			};
			buildConfigurationList = D0B78B3728F05DC1006F07A1 /* Build configuration list for PBXProject "SportDiary" */;
			compatibilityVersion = "Xcode 13.0";
			developmentRegion = en;
			hasScannedForEncodings = 0;
			knownRegions = (
				en,
				Base,
			);
			mainGroup = D0B78B3328F05DC1006F07A1;
			packageReferences = (
				D0B78B8428F58D90006F07A1 /* XCRemoteSwiftPackageReference "Swinject" */,
				D042310E28F59F2600FF1D89 /* XCRemoteSwiftPackageReference "FLAnimatedImage" */,
				D09DC09628F9E8C0007DDACC /* XCRemoteSwiftPackageReference "realm-swift" */,
				D06ED4AC28FE94100074322D /* XCRemoteSwiftPackageReference "ChartView" */,
				D06ED4AF28FEAD900074322D /* XCRemoteSwiftPackageReference "lottie-ios" */,
			);
			productRefGroup = D0B78B3D28F05DC1006F07A1 /* Products */;
			projectDirPath = "";
			projectRoot = "";
			targets = (
				D0B78B3B28F05DC1006F07A1 /* SportDiary */,
			);
		};
/* End PBXProject section */

/* Begin PBXResourcesBuildPhase section */
		D0B78B3A28F05DC1006F07A1 /* Resources */ = {
			isa = PBXResourcesBuildPhase;
			buildActionMask = 2147483647;
			files = (
				D0B78B4728F05DC2006F07A1 /* Preview Assets.xcassets in Resources */,
				D06ED4B328FEAFFA0074322D /* stepsAnim.json in Resources */,
				D0B78B4428F05DC2006F07A1 /* Assets.xcassets in Resources */,
			);
			runOnlyForDeploymentPostprocessing = 0;
		};
/* End PBXResourcesBuildPhase section */

/* Begin PBXSourcesBuildPhase section */
		D0B78B3828F05DC1006F07A1 /* Sources */ = {
			isa = PBXSourcesBuildPhase;
			buildActionMask = 2147483647;
			files = (
				D042311528F59F7100FF1D89 /* NetworkManager.swift in Sources */,
				D09DC0AA28FBFBC4007DDACC /* HealthKitAssistantImpl.swift in Sources */,
				D06ED4B728FEB17A0074322D /* Date+Extension.swift in Sources */,
				D09DC08328F9D9D5007DDACC /* RealMManagerImpl.swift in Sources */,
				D0FB1BDC28FEEB0A0007ABC9 /* UserHealthViewModel.swift in Sources */,
				D09DC0A028FAF87D007DDACC /* ExerciseForDB.swift in Sources */,
				D09DC07728F9CF21007DDACC /* MainScreenViewModel.swift in Sources */,
				D0FB1BDA28FEEACE0007ABC9 /* LottieView.swift in Sources */,
				D0C392B729013BC5002D1967 /* TargetView.swift in Sources */,
				D06ED4A428FDCEF20074322D /* RoundedViewModifier.swift in Sources */,
				D09DC07928F9D149007DDACC /* AddNewActivityPageView.swift in Sources */,
				D0B78B8928F58DDC006F07A1 /* Resolver.swift in Sources */,
				D0B78B5328F07B4D006F07A1 /* ExerciseView.swift in Sources */,
				D0B78B6628F4049E006F07A1 /* ActivityListRow.swift in Sources */,
				D0B78B6428F40469006F07A1 /* ActivityListRowView.swift in Sources */,
				D0C392B528FEFD21002D1967 /* UserHealthViewNew.swift in Sources */,
				D09DC09E28FAF854007DDACC /* ExercisesProgram.swift in Sources */,
				D06ED4A628FDCF1C0074322D /* CustomNavigationBar.swift in Sources */,
				D0FB1BDE28FEED8B0007ABC9 /* Step.swift in Sources */,
				D0B78B6128F401D3006F07A1 /* ActivityListViewModel.swift in Sources */,
				D0B78B7028F41551006F07A1 /* AddNewActivityViewModel.swift in Sources */,
				D0B78B8B28F58E23006F07A1 /* DependencyContainer.swift in Sources */,
				D09DC07C28F9D83D007DDACC /* View+Extension.swift in Sources */,
				D0B78B7428F421B3006F07A1 /* Exercise.swift in Sources */,
				D0B78B6C28F40816006F07A1 /* ChooseSetOfExercisesView.swift in Sources */,
				D09DC0AF28FBFF76007DDACC /* HealthKitAssistant.swift in Sources */,
				D09DC0AD28FBFF4E007DDACC /* StepsView.swift in Sources */,
				D06ED4A928FDCFB20074322D /* DayOfWeek.swift in Sources */,
				D0B78B8D28F58EE8006F07A1 /* InjectPropertyWrapper.swift in Sources */,
				D0B78B5928F3FC4B006F07A1 /* MainScreen.swift in Sources */,
				D09DC07528F88D75007DDACC /* ConfirmActivityProgram.swift in Sources */,
				D09DC07328F85A78007DDACC /* ChooseDayOfActivityView.swift in Sources */,
				D09DC0A228FAF8E0007DDACC /* Array+Extension.swift in Sources */,
				D06ED4AB28FDD2C10074322D /* ExerciseForDB+Extension.swift in Sources */,
				D0B78B4E28F05DF9006F07A1 /* NetworkManagerImpl.swift in Sources */,
				D0B78B6E28F40950006F07A1 /* AddNewActivityDaySelectionSection.swift in Sources */,
				D09DC08028F9D9B9007DDACC /* RealMManager.swift in Sources */,
				D09DC07E28F9D854007DDACC /* PageView.swift in Sources */,
				D0B78B4028F05DC1006F07A1 /* SportDiaryApp.swift in Sources */,
				D042311728F5A36300FF1D89 /* GifView.swift in Sources */,
				D09DC0A428FAF9AC007DDACC /* Exercise+Extension.swift in Sources */,
				D0B78B5F28F40099006F07A1 /* ActivityListView.swift in Sources */,
				D06ED4A228FDCEC80074322D /* BackgroundRoundedViewModifier.swift in Sources */,
			);
			runOnlyForDeploymentPostprocessing = 0;
		};
/* End PBXSourcesBuildPhase section */

/* Begin XCBuildConfiguration section */
		D0B78B4828F05DC2006F07A1 /* Debug */ = {
			isa = XCBuildConfiguration;
			buildSettings = {
				ALWAYS_SEARCH_USER_PATHS = NO;
				CLANG_ANALYZER_NONNULL = YES;
				CLANG_ANALYZER_NUMBER_OBJECT_CONVERSION = YES_AGGRESSIVE;
				CLANG_CXX_LANGUAGE_STANDARD = "gnu++17";
				CLANG_ENABLE_MODULES = YES;
				CLANG_ENABLE_OBJC_ARC = YES;
				CLANG_ENABLE_OBJC_WEAK = YES;
				CLANG_WARN_BLOCK_CAPTURE_AUTORELEASING = YES;
				CLANG_WARN_BOOL_CONVERSION = YES;
				CLANG_WARN_COMMA = YES;
				CLANG_WARN_CONSTANT_CONVERSION = YES;
				CLANG_WARN_DEPRECATED_OBJC_IMPLEMENTATIONS = YES;
				CLANG_WARN_DIRECT_OBJC_ISA_USAGE = YES_ERROR;
				CLANG_WARN_DOCUMENTATION_COMMENTS = YES;
				CLANG_WARN_EMPTY_BODY = YES;
				CLANG_WARN_ENUM_CONVERSION = YES;
				CLANG_WARN_INFINITE_RECURSION = YES;
				CLANG_WARN_INT_CONVERSION = YES;
				CLANG_WARN_NON_LITERAL_NULL_CONVERSION = YES;
				CLANG_WARN_OBJC_IMPLICIT_RETAIN_SELF = YES;
				CLANG_WARN_OBJC_LITERAL_CONVERSION = YES;
				CLANG_WARN_OBJC_ROOT_CLASS = YES_ERROR;
				CLANG_WARN_QUOTED_INCLUDE_IN_FRAMEWORK_HEADER = YES;
				CLANG_WARN_RANGE_LOOP_ANALYSIS = YES;
				CLANG_WARN_STRICT_PROTOTYPES = YES;
				CLANG_WARN_SUSPICIOUS_MOVE = YES;
				CLANG_WARN_UNGUARDED_AVAILABILITY = YES_AGGRESSIVE;
				CLANG_WARN_UNREACHABLE_CODE = YES;
				CLANG_WARN__DUPLICATE_METHOD_MATCH = YES;
				COPY_PHASE_STRIP = NO;
				DEBUG_INFORMATION_FORMAT = dwarf;
				ENABLE_STRICT_OBJC_MSGSEND = YES;
				ENABLE_TESTABILITY = YES;
				GCC_C_LANGUAGE_STANDARD = gnu11;
				GCC_DYNAMIC_NO_PIC = NO;
				GCC_NO_COMMON_BLOCKS = YES;
				GCC_OPTIMIZATION_LEVEL = 0;
				GCC_PREPROCESSOR_DEFINITIONS = (
					"DEBUG=1",
					"$(inherited)",
				);
				GCC_WARN_64_TO_32_BIT_CONVERSION = YES;
				GCC_WARN_ABOUT_RETURN_TYPE = YES_ERROR;
				GCC_WARN_UNDECLARED_SELECTOR = YES;
				GCC_WARN_UNINITIALIZED_AUTOS = YES_AGGRESSIVE;
				GCC_WARN_UNUSED_FUNCTION = YES;
				GCC_WARN_UNUSED_VARIABLE = YES;
				IPHONEOS_DEPLOYMENT_TARGET = 15.5;
				MTL_ENABLE_DEBUG_INFO = INCLUDE_SOURCE;
				MTL_FAST_MATH = YES;
				ONLY_ACTIVE_ARCH = YES;
				SDKROOT = iphoneos;
				SWIFT_ACTIVE_COMPILATION_CONDITIONS = DEBUG;
				SWIFT_OPTIMIZATION_LEVEL = "-Onone";
			};
			name = Debug;
		};
		D0B78B4928F05DC2006F07A1 /* Release */ = {
			isa = XCBuildConfiguration;
			buildSettings = {
				ALWAYS_SEARCH_USER_PATHS = NO;
				CLANG_ANALYZER_NONNULL = YES;
				CLANG_ANALYZER_NUMBER_OBJECT_CONVERSION = YES_AGGRESSIVE;
				CLANG_CXX_LANGUAGE_STANDARD = "gnu++17";
				CLANG_ENABLE_MODULES = YES;
				CLANG_ENABLE_OBJC_ARC = YES;
				CLANG_ENABLE_OBJC_WEAK = YES;
				CLANG_WARN_BLOCK_CAPTURE_AUTORELEASING = YES;
				CLANG_WARN_BOOL_CONVERSION = YES;
				CLANG_WARN_COMMA = YES;
				CLANG_WARN_CONSTANT_CONVERSION = YES;
				CLANG_WARN_DEPRECATED_OBJC_IMPLEMENTATIONS = YES;
				CLANG_WARN_DIRECT_OBJC_ISA_USAGE = YES_ERROR;
				CLANG_WARN_DOCUMENTATION_COMMENTS = YES;
				CLANG_WARN_EMPTY_BODY = YES;
				CLANG_WARN_ENUM_CONVERSION = YES;
				CLANG_WARN_INFINITE_RECURSION = YES;
				CLANG_WARN_INT_CONVERSION = YES;
				CLANG_WARN_NON_LITERAL_NULL_CONVERSION = YES;
				CLANG_WARN_OBJC_IMPLICIT_RETAIN_SELF = YES;
				CLANG_WARN_OBJC_LITERAL_CONVERSION = YES;
				CLANG_WARN_OBJC_ROOT_CLASS = YES_ERROR;
				CLANG_WARN_QUOTED_INCLUDE_IN_FRAMEWORK_HEADER = YES;
				CLANG_WARN_RANGE_LOOP_ANALYSIS = YES;
				CLANG_WARN_STRICT_PROTOTYPES = YES;
				CLANG_WARN_SUSPICIOUS_MOVE = YES;
				CLANG_WARN_UNGUARDED_AVAILABILITY = YES_AGGRESSIVE;
				CLANG_WARN_UNREACHABLE_CODE = YES;
				CLANG_WARN__DUPLICATE_METHOD_MATCH = YES;
				COPY_PHASE_STRIP = NO;
				DEBUG_INFORMATION_FORMAT = "dwarf-with-dsym";
				ENABLE_NS_ASSERTIONS = NO;
				ENABLE_STRICT_OBJC_MSGSEND = YES;
				GCC_C_LANGUAGE_STANDARD = gnu11;
				GCC_NO_COMMON_BLOCKS = YES;
				GCC_WARN_64_TO_32_BIT_CONVERSION = YES;
				GCC_WARN_ABOUT_RETURN_TYPE = YES_ERROR;
				GCC_WARN_UNDECLARED_SELECTOR = YES;
				GCC_WARN_UNINITIALIZED_AUTOS = YES_AGGRESSIVE;
				GCC_WARN_UNUSED_FUNCTION = YES;
				GCC_WARN_UNUSED_VARIABLE = YES;
				IPHONEOS_DEPLOYMENT_TARGET = 15.5;
				MTL_ENABLE_DEBUG_INFO = NO;
				MTL_FAST_MATH = YES;
				SDKROOT = iphoneos;
				SWIFT_COMPILATION_MODE = wholemodule;
				SWIFT_OPTIMIZATION_LEVEL = "-O";
				VALIDATE_PRODUCT = YES;
			};
			name = Release;
		};
		D0B78B4B28F05DC2006F07A1 /* Debug */ = {
			isa = XCBuildConfiguration;
			buildSettings = {
				ASSETCATALOG_COMPILER_APPICON_NAME = AppIcon;
				ASSETCATALOG_COMPILER_GLOBAL_ACCENT_COLOR_NAME = AccentColor;
				CODE_SIGN_ENTITLEMENTS = SportDiary/SportDiary.entitlements;
				CODE_SIGN_STYLE = Automatic;
				CURRENT_PROJECT_VERSION = 1;
				DEVELOPMENT_ASSET_PATHS = "\"SportDiary/Preview Content\"";
				DEVELOPMENT_TEAM = 88DU546X6V;
				ENABLE_PREVIEWS = YES;
				GENERATE_INFOPLIST_FILE = YES;
				INFOPLIST_FILE = SportDiary/Info.plist;
				INFOPLIST_KEY_NSHealthShareUsageDescription = "This app requires health data";
				INFOPLIST_KEY_NSHealthUpdateUsageDescription = "This app requires health data";
				INFOPLIST_KEY_UIApplicationSceneManifest_Generation = YES;
				INFOPLIST_KEY_UIApplicationSupportsIndirectInputEvents = YES;
				INFOPLIST_KEY_UILaunchScreen_Generation = YES;
				INFOPLIST_KEY_UISupportedInterfaceOrientations = UIInterfaceOrientationPortrait;
				INFOPLIST_KEY_UISupportedInterfaceOrientations_iPad = "UIInterfaceOrientationPortrait UIInterfaceOrientationPortraitUpsideDown UIInterfaceOrientationLandscapeLeft UIInterfaceOrientationLandscapeRight";
				INFOPLIST_KEY_UISupportedInterfaceOrientations_iPhone = "UIInterfaceOrientationPortrait UIInterfaceOrientationLandscapeLeft UIInterfaceOrientationLandscapeRight";
				IPHONEOS_DEPLOYMENT_TARGET = 15.0;
				LD_RUNPATH_SEARCH_PATHS = (
					"$(inherited)",
					"@executable_path/Frameworks",
				);
				MARKETING_VERSION = 1.0;
				PRODUCT_BUNDLE_IDENTIFIER = com.zenkovgreg.SportDiary;
				PRODUCT_NAME = "$(TARGET_NAME)";
				SWIFT_EMIT_LOC_STRINGS = YES;
				SWIFT_VERSION = 5.0;
				TARGETED_DEVICE_FAMILY = 1;
			};
			name = Debug;
		};
		D0B78B4C28F05DC2006F07A1 /* Release */ = {
			isa = XCBuildConfiguration;
			buildSettings = {
				ASSETCATALOG_COMPILER_APPICON_NAME = AppIcon;
				ASSETCATALOG_COMPILER_GLOBAL_ACCENT_COLOR_NAME = AccentColor;
				CODE_SIGN_ENTITLEMENTS = SportDiary/SportDiary.entitlements;
				CODE_SIGN_STYLE = Automatic;
				CURRENT_PROJECT_VERSION = 1;
				DEVELOPMENT_ASSET_PATHS = "\"SportDiary/Preview Content\"";
				DEVELOPMENT_TEAM = 88DU546X6V;
				ENABLE_PREVIEWS = YES;
				GENERATE_INFOPLIST_FILE = YES;
				INFOPLIST_FILE = SportDiary/Info.plist;
				INFOPLIST_KEY_NSHealthShareUsageDescription = "This app requires health data";
				INFOPLIST_KEY_NSHealthUpdateUsageDescription = "This app requires health data";
				INFOPLIST_KEY_UIApplicationSceneManifest_Generation = YES;
				INFOPLIST_KEY_UIApplicationSupportsIndirectInputEvents = YES;
				INFOPLIST_KEY_UILaunchScreen_Generation = YES;
				INFOPLIST_KEY_UISupportedInterfaceOrientations = UIInterfaceOrientationPortrait;
				INFOPLIST_KEY_UISupportedInterfaceOrientations_iPad = "UIInterfaceOrientationPortrait UIInterfaceOrientationPortraitUpsideDown UIInterfaceOrientationLandscapeLeft UIInterfaceOrientationLandscapeRight";
				INFOPLIST_KEY_UISupportedInterfaceOrientations_iPhone = "UIInterfaceOrientationPortrait UIInterfaceOrientationLandscapeLeft UIInterfaceOrientationLandscapeRight";
				IPHONEOS_DEPLOYMENT_TARGET = 15.0;
				LD_RUNPATH_SEARCH_PATHS = (
					"$(inherited)",
					"@executable_path/Frameworks",
				);
				MARKETING_VERSION = 1.0;
				PRODUCT_BUNDLE_IDENTIFIER = com.zenkovgreg.SportDiary;
				PRODUCT_NAME = "$(TARGET_NAME)";
				SWIFT_EMIT_LOC_STRINGS = YES;
				SWIFT_VERSION = 5.0;
				TARGETED_DEVICE_FAMILY = 1;
			};
			name = Release;
		};
/* End XCBuildConfiguration section */

/* Begin XCConfigurationList section */
		D0B78B3728F05DC1006F07A1 /* Build configuration list for PBXProject "SportDiary" */ = {
			isa = XCConfigurationList;
			buildConfigurations = (
				D0B78B4828F05DC2006F07A1 /* Debug */,
				D0B78B4928F05DC2006F07A1 /* Release */,
			);
			defaultConfigurationIsVisible = 0;
			defaultConfigurationName = Release;
		};
		D0B78B4A28F05DC2006F07A1 /* Build configuration list for PBXNativeTarget "SportDiary" */ = {
			isa = XCConfigurationList;
			buildConfigurations = (
				D0B78B4B28F05DC2006F07A1 /* Debug */,
				D0B78B4C28F05DC2006F07A1 /* Release */,
			);
			defaultConfigurationIsVisible = 0;
			defaultConfigurationName = Release;
		};
/* End XCConfigurationList section */

/* Begin XCRemoteSwiftPackageReference section */
		D042310E28F59F2600FF1D89 /* XCRemoteSwiftPackageReference "FLAnimatedImage" */ = {
			isa = XCRemoteSwiftPackageReference;
			repositoryURL = "https://github.com/Flipboard/FLAnimatedImage";
			requirement = {
				kind = upToNextMajorVersion;
				minimumVersion = 1.0.0;
			};
		};
		D06ED4AC28FE94100074322D /* XCRemoteSwiftPackageReference "ChartView" */ = {
			isa = XCRemoteSwiftPackageReference;
			repositoryURL = "https://github.com/AppPear/ChartView";
			requirement = {
				kind = upToNextMajorVersion;
				minimumVersion = 1.0.0;
			};
		};
		D06ED4AF28FEAD900074322D /* XCRemoteSwiftPackageReference "lottie-ios" */ = {
			isa = XCRemoteSwiftPackageReference;
			repositoryURL = "https://github.com/airbnb/lottie-ios";
			requirement = {
				kind = upToNextMajorVersion;
				minimumVersion = 3.0.0;
			};
		};
		D09DC09628F9E8C0007DDACC /* XCRemoteSwiftPackageReference "realm-swift" */ = {
			isa = XCRemoteSwiftPackageReference;
			repositoryURL = "https://github.com/realm/realm-swift.git";
			requirement = {
				kind = upToNextMajorVersion;
				minimumVersion = 10.32.0;
			};
		};
		D0B78B8428F58D90006F07A1 /* XCRemoteSwiftPackageReference "Swinject" */ = {
			isa = XCRemoteSwiftPackageReference;
			repositoryURL = "https://github.com/Swinject/Swinject.git";
			requirement = {
				kind = exactVersion;
				version = 2.8.2;
			};
		};
/* End XCRemoteSwiftPackageReference section */

/* Begin XCSwiftPackageProductDependency section */
		D042310F28F59F2600FF1D89 /* FLAnimatedImage */ = {
			isa = XCSwiftPackageProductDependency;
			package = D042310E28F59F2600FF1D89 /* XCRemoteSwiftPackageReference "FLAnimatedImage" */;
			productName = FLAnimatedImage;
		};
		D06ED4AD28FE94100074322D /* SwiftUICharts */ = {
			isa = XCSwiftPackageProductDependency;
			package = D06ED4AC28FE94100074322D /* XCRemoteSwiftPackageReference "ChartView" */;
			productName = SwiftUICharts;
		};
		D06ED4B028FEAD900074322D /* Lottie */ = {
			isa = XCSwiftPackageProductDependency;
			package = D06ED4AF28FEAD900074322D /* XCRemoteSwiftPackageReference "lottie-ios" */;
			productName = Lottie;
		};
		D09DC09728F9E8C0007DDACC /* Realm */ = {
			isa = XCSwiftPackageProductDependency;
			package = D09DC09628F9E8C0007DDACC /* XCRemoteSwiftPackageReference "realm-swift" */;
			productName = Realm;
		};
		D09DC09928F9E8C0007DDACC /* RealmSwift */ = {
			isa = XCSwiftPackageProductDependency;
			package = D09DC09628F9E8C0007DDACC /* XCRemoteSwiftPackageReference "realm-swift" */;
			productName = RealmSwift;
		};
		D0B78B8528F58D90006F07A1 /* Swinject */ = {
			isa = XCSwiftPackageProductDependency;
			package = D0B78B8428F58D90006F07A1 /* XCRemoteSwiftPackageReference "Swinject" */;
			productName = Swinject;
		};
/* End XCSwiftPackageProductDependency section */
	};
	rootObject = D0B78B3428F05DC1006F07A1 /* Project object */;
}
